
Microsoft Visual Studio Solution File, Format Version 12.00
# Visual Studio Version 18
VisualStudioVersion = 18.4.11626.88 stable
MinimumVisualStudioVersion = 10.0.40219.1
Project("{FAE04EC0-301F-11D3-BF4B-00C04F79EFBC}") = "FlightScanner", "FlightScanner.csproj", "{8CB35ABC-208C-D4A0-6486-8FF9F9808A3D}"
EndProject
Global
	GlobalSection(SolutionConfigurationPlatforms) = preSolution
		Debug|Any CPU = Debug|Any CPU
		Release|Any CPU = Release|Any CPU
	EndGlobalSection
	GlobalSection(ProjectConfigurationPlatforms) = postSolution
		{8CB35ABC-208C-D4A0-6486-8FF9F9808A3D}.Debug|Any CPU.ActiveCfg = Debug|Any CPU
		{8CB35ABC-208C-D4A0-6486-8FF9F9808A3D}.Debug|Any CPU.Build.0 = Debug|Any CPU
		{8CB35ABC-208C-D4A0-6486-8FF9F9808A3D}.Release|Any CPU.ActiveCfg = Release|Any CPU
		{8CB35ABC-208C-D4A0-6486-8FF9F9808A3D}.Release|Any CPU.Build.0 = Release|Any CPU
	EndGlobalSection
	GlobalSection(SolutionProperties) = preSolution
		HideSolutionNode = FALSE
	EndGlobalSection
	GlobalSection(ExtensibilityGlobals) = postSolution
		SolutionGuid = {A0EAD764-8B78-4D4C-BD30-31E59C6B1EB6}
	EndGlobalSection
EndGlobal
